
Microsoft Visual Studio Solution File, Format Version 12.00
# Visual Studio Version 17
VisualStudioVersion = 17.5.002.0
MinimumVisualStudioVersion = 10.0.40219.1
Project("{2150E333-8FDC-42A3-9474-1A3956D46DE8}") = "C sharp", "C sharp", "{A0B41137-51F5-4192-B7EE-88DD61AED3AA}"
EndProject
Project("{9A19103F-16F7-4668-BE54-9A1E7A4F7556}") = "ProyectoCSharp", "C sharp\ProyectoCSharp\ProyectoCSharp.csproj", "{2AB946B2-3A0E-4DFF-9F3D-F6ACB0366CC8}"
EndProject
Global
	GlobalSection(SolutionConfigurationPlatforms) = preSolution
		Debug|Any CPU = Debug|Any CPU
		Release|Any CPU = Release|Any CPU
	EndGlobalSection
	GlobalSection(ProjectConfigurationPlatforms) = postSolution
		{2AB946B2-3A0E-4DFF-9F3D-F6ACB0366CC8}.Debug|Any CPU.ActiveCfg = Debug|Any CPU
		{2AB946B2-3A0E-4DFF-9F3D-F6ACB0366CC8}.Debug|Any CPU.Build.0 = Debug|Any CPU
		{2AB946B2-3A0E-4DFF-9F3D-F6ACB0366CC8}.Release|Any CPU.ActiveCfg = Release|Any CPU
		{2AB946B2-3A0E-4DFF-9F3D-F6ACB0366CC8}.Release|Any CPU.Build.0 = Release|Any CPU
	EndGlobalSection
	GlobalSection(SolutionProperties) = preSolution
		HideSolutionNode = FALSE
	EndGlobalSection
	GlobalSection(NestedProjects) = preSolution
		{2AB946B2-3A0E-4DFF-9F3D-F6ACB0366CC8} = {A0B41137-51F5-4192-B7EE-88DD61AED3AA}
	EndGlobalSection
	GlobalSection(ExtensibilityGlobals) = postSolution
		SolutionGuid = {ED2DEA96-9BBC-4231-A8C8-5EC69454770F}
	EndGlobalSection
EndGlobal
